// !$*UTF8*$!
{
	archiveVersion = 1;
	classes = {
	};
	objectVersion = 55;
	objects = {

/* Begin PBXBuildFile section */
		7261525027049C6A00F19FE6 /* AppDelegate.swift in Sources */ = {isa = PBXBuildFile; fileRef = 7261524F27049C6A00F19FE6 /* AppDelegate.swift */; };
		7261525227049C6A00F19FE6 /* SceneDelegate.swift in Sources */ = {isa = PBXBuildFile; fileRef = 7261525127049C6A00F19FE6 /* SceneDelegate.swift */; };
		7261525427049C6A00F19FE6 /* LogInViewController.swift in Sources */ = {isa = PBXBuildFile; fileRef = 7261525327049C6A00F19FE6 /* LogInViewController.swift */; };
		7261525727049C6A00F19FE6 /* Main.storyboard in Resources */ = {isa = PBXBuildFile; fileRef = 7261525527049C6A00F19FE6 /* Main.storyboard */; };
		7261525927049C7400F19FE6 /* Assets.xcassets in Resources */ = {isa = PBXBuildFile; fileRef = 7261525827049C7400F19FE6 /* Assets.xcassets */; };
		7261525C27049C7400F19FE6 /* LaunchScreen.storyboard in Resources */ = {isa = PBXBuildFile; fileRef = 7261525A27049C7400F19FE6 /* LaunchScreen.storyboard */; };
		726152672705065D00F19FE6 /* TabBarViewController.swift in Sources */ = {isa = PBXBuildFile; fileRef = 726152662705065D00F19FE6 /* TabBarViewController.swift */; };
		72615269270506BE00F19FE6 /* PriceListViewController.swift in Sources */ = {isa = PBXBuildFile; fileRef = 72615268270506BE00F19FE6 /* PriceListViewController.swift */; };
		7261526B270506E000F19FE6 /* AboutUsViewController.swift in Sources */ = {isa = PBXBuildFile; fileRef = 7261526A270506E000F19FE6 /* AboutUsViewController.swift */; };
		7261526D2705070800F19FE6 /* SignInViewController.swift in Sources */ = {isa = PBXBuildFile; fileRef = 7261526C2705070800F19FE6 /* SignInViewController.swift */; };
/* End PBXBuildFile section */

/* Begin PBXFileReference section */
		7261524C27049C6A00F19FE6 /* NewBorn.app */ = {isa = PBXFileReference; explicitFileType = wrapper.application; includeInIndex = 0; path = NewBorn.app; sourceTree = BUILT_PRODUCTS_DIR; };
		7261524F27049C6A00F19FE6 /* AppDelegate.swift */ = {isa = PBXFileReference; lastKnownFileType = sourcecode.swift; path = AppDelegate.swift; sourceTree = "<group>"; };
		7261525127049C6A00F19FE6 /* SceneDelegate.swift */ = {isa = PBXFileReference; lastKnownFileType = sourcecode.swift; path = SceneDelegate.swift; sourceTree = "<group>"; };
		7261525327049C6A00F19FE6 /* LogInViewController.swift */ = {isa = PBXFileReference; lastKnownFileType = sourcecode.swift; path = LogInViewController.swift; sourceTree = "<group>"; };
		7261525627049C6A00F19FE6 /* Base */ = {isa = PBXFileReference; lastKnownFileType = file.storyboard; name = Base; path = Base.lproj/Main.storyboard; sourceTree = "<group>"; };
		7261525827049C7400F19FE6 /* Assets.xcassets */ = {isa = PBXFileReference; lastKnownFileType = folder.assetcatalog; path = Assets.xcassets; sourceTree = "<group>"; };
		7261525B27049C7400F19FE6 /* Base */ = {isa = PBXFileReference; lastKnownFileType = file.storyboard; name = Base; path = Base.lproj/LaunchScreen.storyboard; sourceTree = "<group>"; };
		7261525D27049C7400F19FE6 /* Info.plist */ = {isa = PBXFileReference; lastKnownFileType = text.plist.xml; path = Info.plist; sourceTree = "<group>"; };
		726152662705065D00F19FE6 /* TabBarViewController.swift */ = {isa = PBXFileReference; lastKnownFileType = sourcecode.swift; path = TabBarViewController.swift; sourceTree = "<group>"; };
		72615268270506BE00F19FE6 /* PriceListViewController.swift */ = {isa = PBXFileReference; lastKnownFileType = sourcecode.swift; path = PriceListViewController.swift; sourceTree = "<group>"; };
		7261526A270506E000F19FE6 /* AboutUsViewController.swift */ = {isa = PBXFileReference; lastKnownFileType = sourcecode.swift; path = AboutUsViewController.swift; sourceTree = "<group>"; };
		7261526C2705070800F19FE6 /* SignInViewController.swift */ = {isa = PBXFileReference; lastKnownFileType = sourcecode.swift; path = SignInViewController.swift; sourceTree = "<group>"; };
/* End PBXFileReference section */

/* Begin PBXFrameworksBuildPhase section */
		7261524927049C6A00F19FE6 /* Frameworks */ = {
			isa = PBXFrameworksBuildPhase;
			buildActionMask = 2147483647;
			files = (
			);
			runOnlyForDeploymentPostprocessing = 0;
		};
/* End PBXFrameworksBuildPhase section */

/* Begin PBXGroup section */
		7261524327049C6A00F19FE6 = {
			isa = PBXGroup;
			children = (
				7261524E27049C6A00F19FE6 /* NewBorn */,
				7261524D27049C6A00F19FE6 /* Products */,
			);
			sourceTree = "<group>";
		};
		7261524D27049C6A00F19FE6 /* Products */ = {
			isa = PBXGroup;
			children = (
				7261524C27049C6A00F19FE6 /* NewBorn.app */,
			);
			name = Products;
			sourceTree = "<group>";
		};
		7261524E27049C6A00F19FE6 /* NewBorn */ = {
			isa = PBXGroup;
			children = (
				7261524F27049C6A00F19FE6 /* AppDelegate.swift */,
				7261525127049C6A00F19FE6 /* SceneDelegate.swift */,
				72615263270505C000F19FE6 /* View Controllers */,
				7261525527049C6A00F19FE6 /* Main.storyboard */,
				7261525827049C7400F19FE6 /* Assets.xcassets */,
				7261525A27049C7400F19FE6 /* LaunchScreen.storyboard */,
				7261525D27049C7400F19FE6 /* Info.plist */,
			);
			path = NewBorn;
			sourceTree = "<group>";
		};
		72615263270505C000F19FE6 /* View Controllers */ = {
			isa = PBXGroup;
			children = (
				7261525327049C6A00F19FE6 /* LogInViewController.swift */,
				726152662705065D00F19FE6 /* TabBarViewController.swift */,
				72615268270506BE00F19FE6 /* PriceListViewController.swift */,
				7261526A270506E000F19FE6 /* AboutUsViewController.swift */,
				7261526C2705070800F19FE6 /* SignInViewController.swift */,
			);
			path = "View Controllers";
			sourceTree = "<group>";
		};
/* End PBXGroup section */

/* Begin PBXNativeTarget section */
		7261524B27049C6A00F19FE6 /* NewBorn */ = {
			isa = PBXNativeTarget;
			buildConfigurationList = 7261526027049C7400F19FE6 /* Build configuration list for PBXNativeTarget "NewBorn" */;
			buildPhases = (
				7261524827049C6A00F19FE6 /* Sources */,
				7261524927049C6A00F19FE6 /* Frameworks */,
				7261524A27049C6A00F19FE6 /* Resources */,
			);
			buildRules = (
			);
			dependencies = (
			);
			name = NewBorn;
			productName = NewBorn;
			productReference = 7261524C27049C6A00F19FE6 /* NewBorn.app */;
			productType = "com.apple.product-type.application";
		};
/* End PBXNativeTarget section */

/* Begin PBXProject section */
		7261524427049C6A00F19FE6 /* Project object */ = {
			isa = PBXProject;
			attributes = {
				BuildIndependentTargetsInParallel = 1;
				LastSwiftUpdateCheck = 1300;
				LastUpgradeCheck = 1300;
				TargetAttributes = {
					7261524B27049C6A00F19FE6 = {
						CreatedOnToolsVersion = 13.0;
					};
				};
			};
			buildConfigurationList = 7261524727049C6A00F19FE6 /* Build configuration list for PBXProject "NewBorn" */;
			compatibilityVersion = "Xcode 13.0";
			developmentRegion = en;
			hasScannedForEncodings = 0;
			knownRegions = (
				en,
				Base,
			);
			mainGroup = 7261524327049C6A00F19FE6;
			productRefGroup = 7261524D27049C6A00F19FE6 /* Products */;
			projectDirPath = "";
			projectRoot = "";
			targets = (
				7261524B27049C6A00F19FE6 /* NewBorn */,
			);
		};
/* End PBXProject section */

/* Begin PBXResourcesBuildPhase section */
		7261524A27049C6A00F19FE6 /* Resources */ = {
			isa = PBXResourcesBuildPhase;
			buildActionMask = 2147483647;
			files = (
				7261525C27049C7400F19FE6 /* LaunchScreen.storyboard in Resources */,
				7261525927049C7400F19FE6 /* Assets.xcassets in Resources */,
				7261525727049C6A00F19FE6 /* Main.storyboard in Resources */,
			);
			runOnlyForDeploymentPostprocessing = 0;
		};
/* End PBXResourcesBuildPhase section */

/* Begin PBXSourcesBuildPhase section */
		7261524827049C6A00F19FE6 /* Sources */ = {
			isa = PBXSourcesBuildPhase;
			buildActionMask = 2147483647;
			files = (
				7261526D2705070800F19FE6 /* SignInViewController.swift in Sources */,
				72615269270506BE00F19FE6 /* PriceListViewController.swift in Sources */,
				726152672705065D00F19FE6 /* TabBarViewController.swift in Sources */,
				7261525427049C6A00F19FE6 /* LogInViewController.swift in Sources */,
				7261525027049C6A00F19FE6 /* AppDelegate.swift in Sources */,
				7261526B270506E000F19FE6 /* AboutUsViewController.swift in Sources */,
				7261525227049C6A00F19FE6 /* SceneDelegate.swift in Sources */,
			);
			runOnlyForDeploymentPostprocessing = 0;
		};
/* End PBXSourcesBuildPhase section */

/* Begin PBXVariantGroup section */
		7261525527049C6A00F19FE6 /* Main.storyboard */ = {
			isa = PBXVariantGroup;
			children = (
				7261525627049C6A00F19FE6 /* Base */,
			);
			name = Main.storyboard;
			sourceTree = "<group>";
		};
		7261525A27049C7400F19FE6 /* LaunchScreen.storyboard */ = {
			isa = PBXVariantGroup;
			children = (
				7261525B27049C7400F19FE6 /* Base */,
			);
			name = LaunchScreen.storyboard;
			sourceTree = "<group>";
		};
/* End PBXVariantGroup section */

/* Begin XCBuildConfiguration section */
		7261525E27049C7400F19FE6 /* Debug */ = {
			isa = XCBuildConfiguration;
			buildSettings = {
				ALWAYS_SEARCH_USER_PATHS = NO;
				CLANG_ANALYZER_NONNULL = YES;
				CLANG_ANALYZER_NUMBER_OBJECT_CONVERSION = YES_AGGRESSIVE;
				CLANG_CXX_LANGUAGE_STANDARD = "gnu++17";
				CLANG_CXX_LIBRARY = "libc++";
				CLANG_ENABLE_MODULES = YES;
				CLANG_ENABLE_OBJC_ARC = YES;
				CLANG_ENABLE_OBJC_WEAK = YES;
				CLANG_WARN_BLOCK_CAPTURE_AUTORELEASING = YES;
				CLANG_WARN_BOOL_CONVERSION = YES;
				CLANG_WARN_COMMA = YES;
				CLANG_WARN_CONSTANT_CONVERSION = YES;
				CLANG_WARN_DEPRECATED_OBJC_IMPLEMENTATIONS = YES;
				CLANG_WARN_DIRECT_OBJC_ISA_USAGE = YES_ERROR;
				CLANG_WARN_DOCUMENTATION_COMMENTS = YES;
				CLANG_WARN_EMPTY_BODY = YES;
				CLANG_WARN_ENUM_CONVERSION = YES;
				CLANG_WARN_INFINITE_RECURSION = YES;
				CLANG_WARN_INT_CONVERSION = YES;
				CLANG_WARN_NON_LITERAL_NULL_CONVERSION = YES;
				CLANG_WARN_OBJC_IMPLICIT_RETAIN_SELF = YES;
				CLANG_WARN_OBJC_LITERAL_CONVERSION = YES;
				CLANG_WARN_OBJC_ROOT_CLASS = YES_ERROR;
				CLANG_WARN_QUOTED_INCLUDE_IN_FRAMEWORK_HEADER = YES;
				CLANG_WARN_RANGE_LOOP_ANALYSIS = YES;
				CLANG_WARN_STRICT_PROTOTYPES = YES;
				CLANG_WARN_SUSPICIOUS_MOVE = YES;
				CLANG_WARN_UNGUARDED_AVAILABILITY = YES_AGGRESSIVE;
				CLANG_WARN_UNREACHABLE_CODE = YES;
				CLANG_WARN__DUPLICATE_METHOD_MATCH = YES;
				COPY_PHASE_STRIP = NO;
				DEBUG_INFORMATION_FORMAT = dwarf;
				ENABLE_STRICT_OBJC_MSGSEND = YES;
				ENABLE_TESTABILITY = YES;
				GCC_C_LANGUAGE_STANDARD = gnu11;
				GCC_DYNAMIC_NO_PIC = NO;
				GCC_NO_COMMON_BLOCKS = YES;
				GCC_OPTIMIZATION_LEVEL = 0;
				GCC_PREPROCESSOR_DEFINITIONS = (
					"DEBUG=1",
					"$(inherited)",
				);
				GCC_WARN_64_TO_32_BIT_CONVERSION = YES;
				GCC_WARN_ABOUT_RETURN_TYPE = YES_ERROR;
				GCC_WARN_UNDECLARED_SELECTOR = YES;
				GCC_WARN_UNINITIALIZED_AUTOS = YES_AGGRESSIVE;
				GCC_WARN_UNUSED_FUNCTION = YES;
				GCC_WARN_UNUSED_VARIABLE = YES;
				IPHONEOS_DEPLOYMENT_TARGET = 15.0;
				MTL_ENABLE_DEBUG_INFO = INCLUDE_SOURCE;
				MTL_FAST_MATH = YES;
				ONLY_ACTIVE_ARCH = YES;
				SDKROOT = iphoneos;
				SWIFT_ACTIVE_COMPILATION_CONDITIONS = DEBUG;
				SWIFT_OPTIMIZATION_LEVEL = "-Onone";
			};
			name = Debug;
		};
		7261525F27049C7400F19FE6 /* Release */ = {
			isa = XCBuildConfiguration;
			buildSettings = {
				ALWAYS_SEARCH_USER_PATHS = NO;
				CLANG_ANALYZER_NONNULL = YES;
				CLANG_ANALYZER_NUMBER_OBJECT_CONVERSION = YES_AGGRESSIVE;
				CLANG_CXX_LANGUAGE_STANDARD = "gnu++17";
				CLANG_CXX_LIBRARY = "libc++";
				CLANG_ENABLE_MODULES = YES;
				CLANG_ENABLE_OBJC_ARC = YES;
				CLANG_ENABLE_OBJC_WEAK = YES;
				CLANG_WARN_BLOCK_CAPTURE_AUTORELEASING = YES;
				CLANG_WARN_BOOL_CONVERSION = YES;
				CLANG_WARN_COMMA = YES;
				CLANG_WARN_CONSTANT_CONVERSION = YES;
				CLANG_WARN_DEPRECATED_OBJC_IMPLEMENTATIONS = YES;
				CLANG_WARN_DIRECT_OBJC_ISA_USAGE = YES_ERROR;
				CLANG_WARN_DOCUMENTATION_COMMENTS = YES;
				CLANG_WARN_EMPTY_BODY = YES;
				CLANG_WARN_ENUM_CONVERSION = YES;
				CLANG_WARN_INFINITE_RECURSION = YES;
				CLANG_WARN_INT_CONVERSION = YES;
				CLANG_WARN_NON_LITERAL_NULL_CONVERSION = YES;
				CLANG_WARN_OBJC_IMPLICIT_RETAIN_SELF = YES;
				CLANG_WARN_OBJC_LITERAL_CONVERSION = YES;
				CLANG_WARN_OBJC_ROOT_CLASS = YES_ERROR;
				CLANG_WARN_QUOTED_INCLUDE_IN_FRAMEWORK_HEADER = YES;
				CLANG_WARN_RANGE_LOOP_ANALYSIS = YES;
				CLANG_WARN_STRICT_PROTOTYPES = YES;
				CLANG_WARN_SUSPICIOUS_MOVE = YES;
				CLANG_WARN_UNGUARDED_AVAILABILITY = YES_AGGRESSIVE;
				CLANG_WARN_UNREACHABLE_CODE = YES;
				CLANG_WARN__DUPLICATE_METHOD_MATCH = YES;
				COPY_PHASE_STRIP = NO;
				DEBUG_INFORMATION_FORMAT = "dwarf-with-dsym";
				ENABLE_NS_ASSERTIONS = NO;
				ENABLE_STRICT_OBJC_MSGSEND = YES;
				GCC_C_LANGUAGE_STANDARD = gnu11;
				GCC_NO_COMMON_BLOCKS = YES;
				GCC_WARN_64_TO_32_BIT_CONVERSION = YES;
				GCC_WARN_ABOUT_RETURN_TYPE = YES_ERROR;
				GCC_WARN_UNDECLARED_SELECTOR = YES;
				GCC_WARN_UNINITIALIZED_AUTOS = YES_AGGRESSIVE;
				GCC_WARN_UNUSED_FUNCTION = YES;
				GCC_WARN_UNUSED_VARIABLE = YES;
				IPHONEOS_DEPLOYMENT_TARGET = 15.0;
				MTL_ENABLE_DEBUG_INFO = NO;
				MTL_FAST_MATH = YES;
				SDKROOT = iphoneos;
				SWIFT_COMPILATION_MODE = wholemodule;
				SWIFT_OPTIMIZATION_LEVEL = "-O";
				VALIDATE_PRODUCT = YES;
			};
			name = Release;
		};
		7261526127049C7400F19FE6 /* Debug */ = {
			isa = XCBuildConfiguration;
			buildSettings = {
				ASSETCATALOG_COMPILER_APPICON_NAME = AppIcon;
				ASSETCATALOG_COMPILER_GLOBAL_ACCENT_COLOR_NAME = AccentColor;
				CODE_SIGN_STYLE = Automatic;
				CURRENT_PROJECT_VERSION = 1;
				DEVELOPMENT_TEAM = JN5BVVZ7X9;
				GENERATE_INFOPLIST_FILE = YES;
				INFOPLIST_FILE = NewBorn/Info.plist;
				INFOPLIST_KEY_UIApplicationSupportsIndirectInputEvents = YES;
				INFOPLIST_KEY_UILaunchStoryboardName = LaunchScreen;
				INFOPLIST_KEY_UIMainStoryboardFile = Main;
				INFOPLIST_KEY_UISupportedInterfaceOrientations_iPad = "UIInterfaceOrientationPortrait UIInterfaceOrientationPortraitUpsideDown UIInterfaceOrientationLandscapeLeft UIInterfaceOrientationLandscapeRight";
				INFOPLIST_KEY_UISupportedInterfaceOrientations_iPhone = "UIInterfaceOrientationPortrait UIInterfaceOrientationLandscapeLeft UIInterfaceOrientationLandscapeRight";
				LD_RUNPATH_SEARCH_PATHS = (
					"$(inherited)",
					"@executable_path/Frameworks",
				);
				MARKETING_VERSION = 1.0;
				PRODUCT_BUNDLE_IDENTIFIER = LeilaGulieva.NewBorn;
				PRODUCT_NAME = "$(TARGET_NAME)";
				SWIFT_EMIT_LOC_STRINGS = YES;
				SWIFT_VERSION = 5.0;
				TARGETED_DEVICE_FAMILY = "1,2";
			};
			name = Debug;
		};
		7261526227049C7400F19FE6 /* Release */ = {
			isa = XCBuildConfiguration;
			buildSettings = {
				ASSETCATALOG_COMPILER_APPICON_NAME = AppIcon;
				ASSETCATALOG_COMPILER_GLOBAL_ACCENT_COLOR_NAME = AccentColor;
				CODE_SIGN_STYLE = Automatic;
				CURRENT_PROJECT_VERSION = 1;
				DEVELOPMENT_TEAM = JN5BVVZ7X9;
				GENERATE_INFOPLIST_FILE = YES;
				INFOPLIST_FILE = NewBorn/Info.plist;
				INFOPLIST_KEY_UIApplicationSupportsIndirectInputEvents = YES;
				INFOPLIST_KEY_UILaunchStoryboardName = LaunchScreen;
				INFOPLIST_KEY_UIMainStoryboardFile = Main;
				INFOPLIST_KEY_UISupportedInterfaceOrientations_iPad = "UIInterfaceOrientationPortrait UIInterfaceOrientationPortraitUpsideDown UIInterfaceOrientationLandscapeLeft UIInterfaceOrientationLandscapeRight";
				INFOPLIST_KEY_UISupportedInterfaceOrientations_iPhone = "UIInterfaceOrientationPortrait UIInterfaceOrientationLandscapeLeft UIInterfaceOrientationLandscapeRight";
				LD_RUNPATH_SEARCH_PATHS = (
					"$(inherited)",
					"@executable_path/Frameworks",
				);
				MARKETING_VERSION = 1.0;
				PRODUCT_BUNDLE_IDENTIFIER = LeilaGulieva.NewBorn;
				PRODUCT_NAME = "$(TARGET_NAME)";
				SWIFT_EMIT_LOC_STRINGS = YES;
				SWIFT_VERSION = 5.0;
				TARGETED_DEVICE_FAMILY = "1,2";
			};
			name = Release;
		};
/* End XCBuildConfiguration section */

/* Begin XCConfigurationList section */
		7261524727049C6A00F19FE6 /* Build configuration list for PBXProject "NewBorn" */ = {
			isa = XCConfigurationList;
			buildConfigurations = (
				7261525E27049C7400F19FE6 /* Debug */,
				7261525F27049C7400F19FE6 /* Release */,
			);
			defaultConfigurationIsVisible = 0;
			defaultConfigurationName = Release;
		};
		7261526027049C7400F19FE6 /* Build configuration list for PBXNativeTarget "NewBorn" */ = {
			isa = XCConfigurationList;
			buildConfigurations = (
				7261526127049C7400F19FE6 /* Debug */,
				7261526227049C7400F19FE6 /* Release */,
			);
			defaultConfigurationIsVisible = 0;
			defaultConfigurationName = Release;
		};
/* End XCConfigurationList section */
	};
	rootObject = 7261524427049C6A00F19FE6 /* Project object */;
}
